<?xml version="1.0" encoding="UTF-8" standalone="yes" ?>
<CodeBlocks_project_file>
	<FileVersion major="1" minor="6" />
	<Project>
		<Option title="main_assignment" />
		<Option pch_mode="2" />
		<Option compiler="gcc" />
		<Build>
			<Target title="Debug">
				<Option output="bin/Debug/main_assignment" prefix_auto="1" extension_auto="1" />
				<Option object_output="obj/Debug/" />
				<Option type="1" />
				<Option compiler="gcc" />
				<Compiler>
					<Add option="-g" />
					<Add directory="include" />
				</Compiler>
			</Target>
			<Target title="Release">
				<Option output="bin/Release/main_assignment" prefix_auto="1" extension_auto="1" />
				<Option object_output="obj/Release/" />
				<Option type="1" />
				<Option compiler="gcc" />
				<Compiler>
					<Add option="-O2" />
					<Add directory="include" />
				</Compiler>
				<Linker>
					<Add option="-s" />
				</Linker>
			</Target>
		</Build>
		<Compiler>
			<Add option="-Wall" />
			<Add option="-fexceptions" />
		</Compiler>
		<Unit filename="PIZZA/Pizza.cpp" />
		<Unit filename="PIZZA/Pizza.h" />
		<Unit filename="PIZZA/PizzaRepo.cpp" />
		<Unit filename="PIZZA/PizzaRepo.h" />
		<Unit filename="PIZZA/PizzaUI.cpp" />
		<Unit filename="PIZZA/PizzaUI.h" />
		<Unit filename="TOPPING/Topping.cpp" />
		<Unit filename="TOPPING/Topping.h" />
		<Unit filename="TOPPING/ToppingRepo.cpp" />
		<Unit filename="TOPPING/ToppingRepo.h" />
		<Unit filename="TOPPING/ToppingUI.cpp" />
		<Unit filename="TOPPING/ToppingUI.h" />
		<Unit filename="USERUI/BakerUI.cpp" />
		<Unit filename="USERUI/BakerUI.h" />
		<Unit filename="USERUI/CashierUI.cpp" />
		<Unit filename="USERUI/CashierUI.h" />
		<Unit filename="USERUI/MainUI.cpp" />
		<Unit filename="USERUI/MainUI.h" />
		<Unit filename="USERUI/ManagerUI.cpp" />
		<Unit filename="USERUI/ManagerUI.h" />
		<Unit filename="USERUI/SalesmanUI.cpp" />
		<Unit filename="USERUI/SalesmanUI.h" />
		<Unit filename="include/Location.h" />
		<Unit filename="include/Order.h" />
		<Unit filename="include/OrderUI.h" />
		<Unit filename="main.cpp" />
		<Unit filename="src/Location.cpp" />
		<Unit filename="src/Order.cpp" />
		<Unit filename="src/OrderUI.cpp" />
		<Extensions>
			<code_completion />
			<envvars />
			<debugger />
			<lib_finder disable_auto="1" />
		</Extensions>
	</Project>
</CodeBlocks_project_file>
