<?xml version="1.0" encoding="UTF-8" standalone="yes" ?>
<CodeBlocks_project_file>
	<FileVersion major="1" minor="6" />
	<Project>
		<Option title="main_assignment" />
		<Option pch_mode="2" />
		<Option compiler="gcc" />
		<Build>
			<Target title="Debug">
				<Option output="bin/Debug/main_assignment" prefix_auto="1" extension_auto="1" />
				<Option object_output="obj/Debug/" />
				<Option type="1" />
				<Option compiler="gcc" />
				<Compiler>
					<Add option="-g" />
					<Add directory="include" />
					<Add directory="SERVICE" />
					<Add directory="include/Model" />
					<Add directory="include/Ui" />
					<Add directory="include/Service" />
					<Add directory="include/Repository" />
					<Add directory="include/Exception" />
				</Compiler>
			</Target>
			<Target title="Release">
				<Option output="bin/Release/main_assignment" prefix_auto="1" extension_auto="1" />
				<Option object_output="obj/Release/" />
				<Option type="1" />
				<Option compiler="gcc" />
				<Compiler>
					<Add option="-O2" />
					<Add directory="include" />
					<Add directory="SERVICE" />
					<Add directory="include/Model" />
					<Add directory="include/Ui" />
					<Add directory="include/Service" />
					<Add directory="include/Repository" />
					<Add directory="include/Exception" />
				</Compiler>
				<Linker>
					<Add option="-s" />
				</Linker>
			</Target>
		</Build>
		<Compiler>
			<Add option="-Wall" />
			<Add option="-fexceptions" />
		</Compiler>
		<Unit filename="include/Exception/InvalidIdException.h" />
		<Unit filename="include/Exception/InvalidNameException.h" />
		<Unit filename="include/Exception/InvalidPhoneNumberException.h" />
		<Unit filename="include/Exception/InvalidPriceException.h" />
		<Unit filename="include/Exception/UnableToOpenFileException.h" />
		<Unit filename="include/Model/Drink.h" />
		<Unit filename="include/Model/Location.h" />
		<Unit filename="include/Model/Order.h" />
		<Unit filename="include/Model/Pizza.h" />
		<Unit filename="include/Model/Sides.h" />
		<Unit filename="include/Model/Topping.h" />
		<Unit filename="include/Repository/DrinkRepository.h" />
		<Unit filename="include/Repository/LocationRepository.h" />
		<Unit filename="include/Repository/OrderRepository.h" />
		<Unit filename="include/Repository/PizzaRepo.h" />
		<Unit filename="include/Repository/PizzaRepository.h" />
		<Unit filename="include/Repository/SidesRepository.h" />
		<Unit filename="include/Repository/ToppingRepo.h" />
		<Unit filename="include/Service/DrinkService.h" />
		<Unit filename="include/Service/LocationService.h" />
		<Unit filename="include/Service/OrderService.h" />
		<Unit filename="include/Service/PizzaService.h" />
		<Unit filename="include/Service/SidesService.h" />
		<Unit filename="include/Service/ToppingService.h" />
		<Unit filename="include/Ui/BakerUI.h" />
		<Unit filename="include/Ui/CashierUI.h" />
		<Unit filename="include/Ui/DrinkUI.h" />
		<Unit filename="include/Ui/LocationUI.h" />
		<Unit filename="include/Ui/MainUI.h" />
		<Unit filename="include/Ui/ManagerUI.h" />
		<Unit filename="include/Ui/OrderUI.h" />
		<Unit filename="include/Ui/PizzaUI.h" />
		<Unit filename="include/Ui/SalesmanUI.h" />
		<Unit filename="include/Ui/SidesUI.h" />
		<Unit filename="include/Ui/ToppingUI.h" />
		<Unit filename="main.cpp" />
		<Unit filename="src/Exception/InvalidIdException.cpp" />
		<Unit filename="src/Exception/InvalidNameException.cpp" />
		<Unit filename="src/Exception/InvalidPhoneNumberException.cpp" />
		<Unit filename="src/Exception/InvalidPriceException.cpp" />
		<Unit filename="src/Exception/UnableToOpenFileException.cpp" />
		<Unit filename="src/Model/Drink.cpp" />
		<Unit filename="src/Model/Location.cpp" />
		<Unit filename="src/Model/Order.cpp" />
		<Unit filename="src/Model/Pizza.cpp" />
		<Unit filename="src/Model/Sides.cpp" />
		<Unit filename="src/Model/Topping.cpp" />
		<Unit filename="src/Repository/DrinkRepository.cpp" />
		<Unit filename="src/Repository/LocationRepository.cpp" />
		<Unit filename="src/Repository/OrderRepository.cpp" />
		<Unit filename="src/Repository/PizzaRepository.cpp" />
		<Unit filename="src/Repository/SidesRepository.cpp" />
		<Unit filename="src/Repository/ToppingRepo.cpp" />
		<Unit filename="src/Service/DrinkService.cpp" />
		<Unit filename="src/Service/LocationService.cpp" />
		<Unit filename="src/Service/OrderService.cpp" />
		<Unit filename="src/Service/PizzaService.cpp" />
		<Unit filename="src/Service/SidesService.cpp" />
		<Unit filename="src/Service/ToppingService.cpp" />
		<Unit filename="src/Ui/BakerUI.cpp" />
		<Unit filename="src/Ui/CashierUI.cpp" />
		<Unit filename="src/Ui/DrinkUI.cpp" />
		<Unit filename="src/Ui/LocationUI.cpp" />
		<Unit filename="src/Ui/MainUI.cpp" />
		<Unit filename="src/Ui/ManagerUI.cpp" />
		<Unit filename="src/Ui/OrderUI.cpp" />
		<Unit filename="src/Ui/PizzaUI.cpp" />
		<Unit filename="src/Ui/SalesmanUI.cpp" />
		<Unit filename="src/Ui/SidesUI.cpp" />
		<Unit filename="src/Ui/ToppingUI.cpp" />
		<Extensions>
			<code_completion />
			<envvars />
			<debugger />
			<lib_finder disable_auto="1" />
			<DoxyBlocks>
				<comment_style block="4" line="0" />
				<doxyfile_project />
				<doxyfile_build />
				<doxyfile_warnings />
				<doxyfile_output />
				<doxyfile_dot />
				<general />
			</DoxyBlocks>
		</Extensions>
	</Project>
</CodeBlocks_project_file>
